
Microsoft Visual Studio Solution File, Format Version 12.00
# Visual Studio Version 16
VisualStudioVersion = 16.0.30413.136
MinimumVisualStudioVersion = 10.0.40219.1
Project("{FAE04EC0-301F-11D3-BF4B-00C04F79EFBC}") = "kap 2 uppgift 7", "kap 2 uppgift 7\kap 2 uppgift 7.csproj", "{C732D45F-178C-4520-B72A-03D6B2B57938}"
EndProject
Global
	GlobalSection(SolutionConfigurationPlatforms) = preSolution
		Debug|Any CPU = Debug|Any CPU
		Release|Any CPU = Release|Any CPU
	EndGlobalSection
	GlobalSection(ProjectConfigurationPlatforms) = postSolution
		{C732D45F-178C-4520-B72A-03D6B2B57938}.Debug|Any CPU.ActiveCfg = Debug|Any CPU
		{C732D45F-178C-4520-B72A-03D6B2B57938}.Debug|Any CPU.Build.0 = Debug|Any CPU
		{C732D45F-178C-4520-B72A-03D6B2B57938}.Release|Any CPU.ActiveCfg = Release|Any CPU
		{C732D45F-178C-4520-B72A-03D6B2B57938}.Release|Any CPU.Build.0 = Release|Any CPU
	EndGlobalSection
	GlobalSection(SolutionProperties) = preSolution
		HideSolutionNode = FALSE
	EndGlobalSection
	GlobalSection(ExtensibilityGlobals) = postSolution
		SolutionGuid = {F382AD05-168F-47CD-8239-FD06CDF9CFEA}
	EndGlobalSection
EndGlobal
