
Microsoft Visual Studio Solution File, Format Version 12.00
# Visual Studio Version 16
VisualStudioVersion = 16.0.30413.136
MinimumVisualStudioVersion = 10.0.40219.1
Project("{FAE04EC0-301F-11D3-BF4B-00C04F79EFBC}") = "kap 4 uppgift 17", "kap 4 uppgift 17\kap 4 uppgift 17.csproj", "{2A3BDBB8-6F66-456E-9239-3CDE375D0D2E}"
EndProject
Global
	GlobalSection(SolutionConfigurationPlatforms) = preSolution
		Debug|Any CPU = Debug|Any CPU
		Release|Any CPU = Release|Any CPU
	EndGlobalSection
	GlobalSection(ProjectConfigurationPlatforms) = postSolution
		{2A3BDBB8-6F66-456E-9239-3CDE375D0D2E}.Debug|Any CPU.ActiveCfg = Debug|Any CPU
		{2A3BDBB8-6F66-456E-9239-3CDE375D0D2E}.Debug|Any CPU.Build.0 = Debug|Any CPU
		{2A3BDBB8-6F66-456E-9239-3CDE375D0D2E}.Release|Any CPU.ActiveCfg = Release|Any CPU
		{2A3BDBB8-6F66-456E-9239-3CDE375D0D2E}.Release|Any CPU.Build.0 = Release|Any CPU
	EndGlobalSection
	GlobalSection(SolutionProperties) = preSolution
		HideSolutionNode = FALSE
	EndGlobalSection
	GlobalSection(ExtensibilityGlobals) = postSolution
		SolutionGuid = {900D6EB0-00BE-4CC7-9200-2942CE2FF702}
	EndGlobalSection
EndGlobal
