
Microsoft Visual Studio Solution File, Format Version 12.00
# Visual Studio Version 16
VisualStudioVersion = 16.0.30413.136
MinimumVisualStudioVersion = 10.0.40219.1
Project("{FAE04EC0-301F-11D3-BF4B-00C04F79EFBC}") = "kap 4 uppgift 4", "kap 4 uppgift 4\kap 4 uppgift 4.csproj", "{2A3D613E-6BAC-44B2-B19E-7F5DFF5A0C3F}"
EndProject
Global
	GlobalSection(SolutionConfigurationPlatforms) = preSolution
		Debug|Any CPU = Debug|Any CPU
		Release|Any CPU = Release|Any CPU
	EndGlobalSection
	GlobalSection(ProjectConfigurationPlatforms) = postSolution
		{2A3D613E-6BAC-44B2-B19E-7F5DFF5A0C3F}.Debug|Any CPU.ActiveCfg = Debug|Any CPU
		{2A3D613E-6BAC-44B2-B19E-7F5DFF5A0C3F}.Debug|Any CPU.Build.0 = Debug|Any CPU
		{2A3D613E-6BAC-44B2-B19E-7F5DFF5A0C3F}.Release|Any CPU.ActiveCfg = Release|Any CPU
		{2A3D613E-6BAC-44B2-B19E-7F5DFF5A0C3F}.Release|Any CPU.Build.0 = Release|Any CPU
	EndGlobalSection
	GlobalSection(SolutionProperties) = preSolution
		HideSolutionNode = FALSE
	EndGlobalSection
	GlobalSection(ExtensibilityGlobals) = postSolution
		SolutionGuid = {F63CB3EA-DBB9-4C14-B9AA-0C6755053331}
	EndGlobalSection
EndGlobal
