
Microsoft Visual Studio Solution File, Format Version 12.00
# Visual Studio Version 16
VisualStudioVersion = 16.0.30413.136
MinimumVisualStudioVersion = 10.0.40219.1
Project("{FAE04EC0-301F-11D3-BF4B-00C04F79EFBC}") = "kap 2 uppgift 4", "kap 2 uppgift 4\kap 2 uppgift 4.csproj", "{FD995DBB-7477-4C6F-B6D9-0B2D12DBCCCF}"
EndProject
Global
	GlobalSection(SolutionConfigurationPlatforms) = preSolution
		Debug|Any CPU = Debug|Any CPU
		Release|Any CPU = Release|Any CPU
	EndGlobalSection
	GlobalSection(ProjectConfigurationPlatforms) = postSolution
		{FD995DBB-7477-4C6F-B6D9-0B2D12DBCCCF}.Debug|Any CPU.ActiveCfg = Debug|Any CPU
		{FD995DBB-7477-4C6F-B6D9-0B2D12DBCCCF}.Debug|Any CPU.Build.0 = Debug|Any CPU
		{FD995DBB-7477-4C6F-B6D9-0B2D12DBCCCF}.Release|Any CPU.ActiveCfg = Release|Any CPU
		{FD995DBB-7477-4C6F-B6D9-0B2D12DBCCCF}.Release|Any CPU.Build.0 = Release|Any CPU
	EndGlobalSection
	GlobalSection(SolutionProperties) = preSolution
		HideSolutionNode = FALSE
	EndGlobalSection
	GlobalSection(ExtensibilityGlobals) = postSolution
		SolutionGuid = {064B8225-2334-497F-822D-151847C79993}
	EndGlobalSection
EndGlobal
