
Microsoft Visual Studio Solution File, Format Version 12.00
# Visual Studio Version 16
VisualStudioVersion = 16.0.30413.136
MinimumVisualStudioVersion = 10.0.40219.1
Project("{FAE04EC0-301F-11D3-BF4B-00C04F79EFBC}") = "21", "21\21.csproj", "{29316CDA-771A-4202-9373-4244C7A2472D}"
EndProject
Global
	GlobalSection(SolutionConfigurationPlatforms) = preSolution
		Debug|Any CPU = Debug|Any CPU
		Release|Any CPU = Release|Any CPU
	EndGlobalSection
	GlobalSection(ProjectConfigurationPlatforms) = postSolution
		{29316CDA-771A-4202-9373-4244C7A2472D}.Debug|Any CPU.ActiveCfg = Debug|Any CPU
		{29316CDA-771A-4202-9373-4244C7A2472D}.Debug|Any CPU.Build.0 = Debug|Any CPU
		{29316CDA-771A-4202-9373-4244C7A2472D}.Release|Any CPU.ActiveCfg = Release|Any CPU
		{29316CDA-771A-4202-9373-4244C7A2472D}.Release|Any CPU.Build.0 = Release|Any CPU
	EndGlobalSection
	GlobalSection(SolutionProperties) = preSolution
		HideSolutionNode = FALSE
	EndGlobalSection
	GlobalSection(ExtensibilityGlobals) = postSolution
		SolutionGuid = {2192C756-C0A9-48F3-9616-C3EB7AB3BB6C}
	EndGlobalSection
EndGlobal
