
Microsoft Visual Studio Solution File, Format Version 12.00
# Visual Studio Version 16
VisualStudioVersion = 16.0.30413.136
MinimumVisualStudioVersion = 10.0.40219.1
Project("{FAE04EC0-301F-11D3-BF4B-00C04F79EFBC}") = "kap 2 uppgift 13", "kap 2 uppgift 13\kap 2 uppgift 13.csproj", "{4A3E4812-37CA-4C35-9B9B-477688B7BAB3}"
EndProject
Global
	GlobalSection(SolutionConfigurationPlatforms) = preSolution
		Debug|Any CPU = Debug|Any CPU
		Release|Any CPU = Release|Any CPU
	EndGlobalSection
	GlobalSection(ProjectConfigurationPlatforms) = postSolution
		{4A3E4812-37CA-4C35-9B9B-477688B7BAB3}.Debug|Any CPU.ActiveCfg = Debug|Any CPU
		{4A3E4812-37CA-4C35-9B9B-477688B7BAB3}.Debug|Any CPU.Build.0 = Debug|Any CPU
		{4A3E4812-37CA-4C35-9B9B-477688B7BAB3}.Release|Any CPU.ActiveCfg = Release|Any CPU
		{4A3E4812-37CA-4C35-9B9B-477688B7BAB3}.Release|Any CPU.Build.0 = Release|Any CPU
	EndGlobalSection
	GlobalSection(SolutionProperties) = preSolution
		HideSolutionNode = FALSE
	EndGlobalSection
	GlobalSection(ExtensibilityGlobals) = postSolution
		SolutionGuid = {245BBB8F-6184-4743-BB36-5B05A58F595D}
	EndGlobalSection
EndGlobal
