
Microsoft Visual Studio Solution File, Format Version 12.00
# Visual Studio Version 16
VisualStudioVersion = 16.0.30413.136
MinimumVisualStudioVersion = 10.0.40219.1
Project("{FAE04EC0-301F-11D3-BF4B-00C04F79EFBC}") = "kap 3 uppgift 8", "kap 3 uppgift 8\kap 3 uppgift 8.csproj", "{77C1C3C2-0CBA-42C5-94A7-C829A35F64A5}"
EndProject
Global
	GlobalSection(SolutionConfigurationPlatforms) = preSolution
		Debug|Any CPU = Debug|Any CPU
		Release|Any CPU = Release|Any CPU
	EndGlobalSection
	GlobalSection(ProjectConfigurationPlatforms) = postSolution
		{77C1C3C2-0CBA-42C5-94A7-C829A35F64A5}.Debug|Any CPU.ActiveCfg = Debug|Any CPU
		{77C1C3C2-0CBA-42C5-94A7-C829A35F64A5}.Debug|Any CPU.Build.0 = Debug|Any CPU
		{77C1C3C2-0CBA-42C5-94A7-C829A35F64A5}.Release|Any CPU.ActiveCfg = Release|Any CPU
		{77C1C3C2-0CBA-42C5-94A7-C829A35F64A5}.Release|Any CPU.Build.0 = Release|Any CPU
	EndGlobalSection
	GlobalSection(SolutionProperties) = preSolution
		HideSolutionNode = FALSE
	EndGlobalSection
	GlobalSection(ExtensibilityGlobals) = postSolution
		SolutionGuid = {36049E22-5181-4224-85E6-B41304735865}
	EndGlobalSection
EndGlobal
