
Microsoft Visual Studio Solution File, Format Version 12.00
# Visual Studio Version 16
VisualStudioVersion = 16.0.30413.136
MinimumVisualStudioVersion = 10.0.40219.1
Project("{FAE04EC0-301F-11D3-BF4B-00C04F79EFBC}") = "kap 3 uppgift 10", "kap 3 uppgift 10\kap 3 uppgift 10.csproj", "{63836A4C-4CDC-486A-8918-CA1F7AA86DCB}"
EndProject
Global
	GlobalSection(SolutionConfigurationPlatforms) = preSolution
		Debug|Any CPU = Debug|Any CPU
		Release|Any CPU = Release|Any CPU
	EndGlobalSection
	GlobalSection(ProjectConfigurationPlatforms) = postSolution
		{63836A4C-4CDC-486A-8918-CA1F7AA86DCB}.Debug|Any CPU.ActiveCfg = Debug|Any CPU
		{63836A4C-4CDC-486A-8918-CA1F7AA86DCB}.Debug|Any CPU.Build.0 = Debug|Any CPU
		{63836A4C-4CDC-486A-8918-CA1F7AA86DCB}.Release|Any CPU.ActiveCfg = Release|Any CPU
		{63836A4C-4CDC-486A-8918-CA1F7AA86DCB}.Release|Any CPU.Build.0 = Release|Any CPU
	EndGlobalSection
	GlobalSection(SolutionProperties) = preSolution
		HideSolutionNode = FALSE
	EndGlobalSection
	GlobalSection(ExtensibilityGlobals) = postSolution
		SolutionGuid = {5AF6C315-FD1F-46CA-BB76-5DC2BF2F8B5B}
	EndGlobalSection
EndGlobal
