
Microsoft Visual Studio Solution File, Format Version 12.00
# Visual Studio Version 16
VisualStudioVersion = 16.0.30413.136
MinimumVisualStudioVersion = 10.0.40219.1
Project("{FAE04EC0-301F-11D3-BF4B-00C04F79EFBC}") = "kap 3 uppgift 5", "kap 3 uppgift 5\kap 3 uppgift 5.csproj", "{F8D1BA1A-18AC-4924-8614-DF4010992782}"
EndProject
Global
	GlobalSection(SolutionConfigurationPlatforms) = preSolution
		Debug|Any CPU = Debug|Any CPU
		Release|Any CPU = Release|Any CPU
	EndGlobalSection
	GlobalSection(ProjectConfigurationPlatforms) = postSolution
		{F8D1BA1A-18AC-4924-8614-DF4010992782}.Debug|Any CPU.ActiveCfg = Debug|Any CPU
		{F8D1BA1A-18AC-4924-8614-DF4010992782}.Debug|Any CPU.Build.0 = Debug|Any CPU
		{F8D1BA1A-18AC-4924-8614-DF4010992782}.Release|Any CPU.ActiveCfg = Release|Any CPU
		{F8D1BA1A-18AC-4924-8614-DF4010992782}.Release|Any CPU.Build.0 = Release|Any CPU
	EndGlobalSection
	GlobalSection(SolutionProperties) = preSolution
		HideSolutionNode = FALSE
	EndGlobalSection
	GlobalSection(ExtensibilityGlobals) = postSolution
		SolutionGuid = {868F4F2E-32BF-4BF0-B7A7-4C4C690A88E9}
	EndGlobalSection
EndGlobal
