
Microsoft Visual Studio Solution File, Format Version 12.00
# Visual Studio Version 16
VisualStudioVersion = 16.0.30413.136
MinimumVisualStudioVersion = 10.0.40219.1
Project("{F184B08F-C81C-45F6-A57F-5ABD9991F28F}") = "ConsoleApp2", "ConsoleApp2\ConsoleApp2.vbproj", "{6635502E-2F00-454D-AA79-00B61904B824}"
EndProject
Global
	GlobalSection(SolutionConfigurationPlatforms) = preSolution
		Debug|Any CPU = Debug|Any CPU
		Release|Any CPU = Release|Any CPU
	EndGlobalSection
	GlobalSection(ProjectConfigurationPlatforms) = postSolution
		{6635502E-2F00-454D-AA79-00B61904B824}.Debug|Any CPU.ActiveCfg = Debug|Any CPU
		{6635502E-2F00-454D-AA79-00B61904B824}.Debug|Any CPU.Build.0 = Debug|Any CPU
		{6635502E-2F00-454D-AA79-00B61904B824}.Release|Any CPU.ActiveCfg = Release|Any CPU
		{6635502E-2F00-454D-AA79-00B61904B824}.Release|Any CPU.Build.0 = Release|Any CPU
	EndGlobalSection
	GlobalSection(SolutionProperties) = preSolution
		HideSolutionNode = FALSE
	EndGlobalSection
	GlobalSection(ExtensibilityGlobals) = postSolution
		SolutionGuid = {4ED8BAF0-FC9D-4614-A061-82BFDC510BB3}
	EndGlobalSection
EndGlobal
